github.com/hkloudou/cv2/libs/darwin_arm64 v0.1.0 h1:K9S/l3g62zCSDSgQQPjgNkwnyGpQZARBupOo+7sAeI4=
github.com/hkloudou/cv2/libs/darwin_arm64 v0.1.0/go.mod h1:iT6n2eJMJmhTHXHMOTqzN9oN4v2Aly5MxRHRLkH9CiI=
github.com/hkloudou/cv2/libs/linux_386 v0.1.0 h1:juc3lDLJuiIjVvb5iSB/yrEN3Ywofi8dn6aso4erj/c=
github.com/hkloudou/cv2/libs/linux_386 v0.1.0/go.mod h1:3UKlKGgONOS1e/NMCM51J/Vthykebqq76bztNyuXVco=
github.com/hkloudou/cv2/libs/linux_amd64 v0.1.0 h1:kbzXLnOteGExhso/HXxRtL4DZ8eicmqnd+ZZtH7k36Y=
github.com/hkloudou/cv2/libs/linux_amd64 v0.1.0/go.mod h1:JqCg5F/udm7kPP+9VDfJ2gh1/5hxwQLg9VoTNMbc1EU=
github.com/hkloudou/cv2/libs/linux_arm64 v0.1.0 h1:rHGmS25cSIkSaC8MM4H0XEwc5XFT7v8eIRoWurNrtLs=
github.com/hkloudou/cv2/libs/linux_arm64 v0.1.0/go.mod h1:YXDWfi25Mj0pFZ8+OA8n7T6RsqbruaPoDh7iTQSp7N0=
github.com/hkloudou/cv2/libs/windows_386 v0.1.0 h1:p6Z7LCOksPtDyNICJ9uN+11SM8WP7EJCSD2kZPFWeiU=
github.com/hkloudou/cv2/libs/windows_386 v0.1.0/go.mod h1:QYcaimnZ4AJIID+OusYyXPO6ql3JQu9J1spGA+y4cPY=
github.com/hkloudou/cv2/libs/windows_amd64 v0.1.0 h1:XhoCO+zFzjqxrkf9OjDfrFyxH12gqGm37J/hOF7Ft+s=
github.com/hkloudou/cv2/libs/windows_amd64 v0.1.0/go.mod h1:TtB7KTRGZycRX5lv4vtqLmjTwI9TQ7G8gLpRTqDGJlk=
