github.com/hkloudou/cv2/libs/darwin_arm64 v0.2.0 h1:ex7pTX16V3LPto6qiZvEcUgBUAmaCSQtCiqR5gD9sdg=
github.com/hkloudou/cv2/libs/darwin_arm64 v0.2.0/go.mod h1:iT6n2eJMJmhTHXHMOTqzN9oN4v2Aly5MxRHRLkH9CiI=
github.com/hkloudou/cv2/libs/linux_386 v0.2.0 h1:NuwSyWBpwfV46QQTPktBvlmq2G9GEujQGgLhkQjMaMc=
github.com/hkloudou/cv2/libs/linux_386 v0.2.0/go.mod h1:3UKlKGgONOS1e/NMCM51J/Vthykebqq76bztNyuXVco=
github.com/hkloudou/cv2/libs/linux_amd64 v0.2.0 h1:cYpc9jwvQHlYaNjAXZwhEaP6T2zbPrr51BckSbJEDr8=
github.com/hkloudou/cv2/libs/linux_amd64 v0.2.0/go.mod h1:JqCg5F/udm7kPP+9VDfJ2gh1/5hxwQLg9VoTNMbc1EU=
github.com/hkloudou/cv2/libs/linux_arm64 v0.2.0 h1:avoC6gQTW7at8KQ8ov4YlgtDC4MUDummNrkPnbB9U6A=
github.com/hkloudou/cv2/libs/linux_arm64 v0.2.0/go.mod h1:YXDWfi25Mj0pFZ8+OA8n7T6RsqbruaPoDh7iTQSp7N0=
github.com/hkloudou/cv2/libs/windows_386 v0.2.0 h1:6xFD+bs3CO98eZFUoLOxo7aqBnn2faXgx3s9LTmVx2k=
github.com/hkloudou/cv2/libs/windows_386 v0.2.0/go.mod h1:QYcaimnZ4AJIID+OusYyXPO6ql3JQu9J1spGA+y4cPY=
github.com/hkloudou/cv2/libs/windows_amd64 v0.2.0 h1:GuxrKHvjO2CCE/l+sUPxS3WYEtx2k7CaJH9fNlIG4PQ=
github.com/hkloudou/cv2/libs/windows_amd64 v0.2.0/go.mod h1:TtB7KTRGZycRX5lv4vtqLmjTwI9TQ7G8gLpRTqDGJlk=
