github.com/hkloudou/cv2/libs/darwin_arm64 v0.41200.1 h1:12zPVqKQ/khL4cAChGj4q6mlERKcG7Mxrm7jOvBrMQs=
github.com/hkloudou/cv2/libs/darwin_arm64 v0.41200.1/go.mod h1:iT6n2eJMJmhTHXHMOTqzN9oN4v2Aly5MxRHRLkH9CiI=
github.com/hkloudou/cv2/libs/darwin_arm64_f2d v0.41200.1 h1:8cAZ4CFBpEsOTHRlRBbT9AFTaq3nf3Mp8SXV7ktXa0M=
github.com/hkloudou/cv2/libs/darwin_arm64_f2d v0.41200.1/go.mod h1:iv0eWCXsxT62eiTxWu3z38AZh1OY+dib2k6c3qeqXCc=
github.com/hkloudou/cv2/libs/darwin_arm64_qr v0.41200.1 h1:+lNHplDv1vJcegSIJk/mVNzsYzwQl3dT/w3J3lSDcgc=
github.com/hkloudou/cv2/libs/darwin_arm64_qr v0.41200.1/go.mod h1:/rgCIJNgBb+v4oZLsSNwM4mtRA1qwPzQfhmUyJWkjlM=
github.com/hkloudou/cv2/libs/linux_386 v0.41200.1 h1:iY5p3idJtpAu94yfN3VlbVcl0x2x7GIeUE29XSPHYk4=
github.com/hkloudou/cv2/libs/linux_386 v0.41200.1/go.mod h1:3UKlKGgONOS1e/NMCM51J/Vthykebqq76bztNyuXVco=
github.com/hkloudou/cv2/libs/linux_386_f2d v0.41200.1 h1:xMTM3FR2nzfC9bsTr6CRwiBS8LwQTTJVo5mZDRDD8uk=
github.com/hkloudou/cv2/libs/linux_386_f2d v0.41200.1/go.mod h1:jVs6HMG4iKJzVr++2aQ5uRCr33M3xB/ElrLtfHfF+bk=
github.com/hkloudou/cv2/libs/linux_386_qr v0.41200.1 h1:SzEvCb2VDwoNS+IIih2XibT1cN6LnujmGIAGHR4NiJ8=
github.com/hkloudou/cv2/libs/linux_386_qr v0.41200.1/go.mod h1:if8FsmU2kUD8n0UVtXv2PyW9awU7Hu+A29/uJWFHgSs=
github.com/hkloudou/cv2/libs/linux_amd64 v0.41200.1 h1:kRWTC15q/vet3uCQrW8zMveBdtVN4LMD2tsFVWfXAfs=
github.com/hkloudou/cv2/libs/linux_amd64 v0.41200.1/go.mod h1:JqCg5F/udm7kPP+9VDfJ2gh1/5hxwQLg9VoTNMbc1EU=
github.com/hkloudou/cv2/libs/linux_amd64_f2d v0.41200.1 h1:bASm96iBHzl0APuFev/tUxGTddXwDi5kcWX6vplXdTs=
github.com/hkloudou/cv2/libs/linux_amd64_f2d v0.41200.1/go.mod h1:wikXRzcjZmHxRnVnx7zIU3ARLxksdUbappl10cAajLQ=
github.com/hkloudou/cv2/libs/linux_amd64_qr v0.41200.1 h1:E8hSCaJY2kLKZUD6Xw2JAW1NAjhwlF2/O6IfNhdLQpk=
github.com/hkloudou/cv2/libs/linux_amd64_qr v0.41200.1/go.mod h1:5dzjKRsAxfVoYIouhcwgoff4bnhq5qvNDiZOTaE6koI=
github.com/hkloudou/cv2/libs/linux_arm64 v0.41200.1 h1:ORO6P/kzJRbtuxyoThIPnZlbdNxovMy9m6Cpqf89Fbg=
github.com/hkloudou/cv2/libs/linux_arm64 v0.41200.1/go.mod h1:YXDWfi25Mj0pFZ8+OA8n7T6RsqbruaPoDh7iTQSp7N0=
github.com/hkloudou/cv2/libs/linux_arm64_f2d v0.41200.1 h1:Fltqz0wLGLNRrVgIIFBNdc2Rdo2CH5v0KnIp9XnrGdM=
github.com/hkloudou/cv2/libs/linux_arm64_f2d v0.41200.1/go.mod h1:M8uv7LRvILBUEw7qm2gdDoi7SJVYiFce2jlk8iB0Rvw=
github.com/hkloudou/cv2/libs/linux_arm64_qr v0.41200.1 h1:9kYqInPg3hLwGUlsHxr/f0hd0zTdRSBKEE314k85Tcg=
github.com/hkloudou/cv2/libs/linux_arm64_qr v0.41200.1/go.mod h1:TCrH7Kl2w695dkjk0RN2TbNdu5O8KSlrINJuR2vFVq4=
github.com/hkloudou/cv2/libs/windows_386 v0.41200.1 h1:XNUdYcdtHCmIYD+huBPtsaBzK8U3/qMJ6MbhzuDdnSQ=
github.com/hkloudou/cv2/libs/windows_386 v0.41200.1/go.mod h1:QYcaimnZ4AJIID+OusYyXPO6ql3JQu9J1spGA+y4cPY=
github.com/hkloudou/cv2/libs/windows_386_f2d v0.41200.1 h1:LO4feoPAzJAAJPU9TR1U+MZhsYpnUjhsgDqKFK6uwFw=
github.com/hkloudou/cv2/libs/windows_386_f2d v0.41200.1/go.mod h1:I3OMo5aAVfcGX1myvK5oQ1RTsADKaNy1oQymMBWsc+8=
github.com/hkloudou/cv2/libs/windows_386_qr v0.41200.1 h1:gAV77IIvySzWc6YZ+XpFrD8OFChjMLAK4MaWdBwtBPA=
github.com/hkloudou/cv2/libs/windows_386_qr v0.41200.1/go.mod h1:m1FNgseRwGlmwR1c2/KKINonLXQwmK0JBmgZjpJW4lk=
github.com/hkloudou/cv2/libs/windows_amd64 v0.41200.1 h1:/6c2cxDui5PtJo2f0xYQRjDEpMjdvkERmp+IrQk/eg0=
github.com/hkloudou/cv2/libs/windows_amd64 v0.41200.1/go.mod h1:TtB7KTRGZycRX5lv4vtqLmjTwI9TQ7G8gLpRTqDGJlk=
github.com/hkloudou/cv2/libs/windows_amd64_f2d v0.41200.1 h1:4wR/fi8qB5LCXIbW4FYQzetrX9BNEM0nRWZ92xpt0X8=
github.com/hkloudou/cv2/libs/windows_amd64_f2d v0.41200.1/go.mod h1:4vFZlaw2wjHo1j9FkmYz+m1zHDQVqpbLaLcE143Txwk=
github.com/hkloudou/cv2/libs/windows_amd64_qr v0.41200.1 h1:jJIRz8wI92XtcN68NJ/SM7PSMabhiK+NRz1C7vuapcg=
github.com/hkloudou/cv2/libs/windows_amd64_qr v0.41200.1/go.mod h1:ZRs2LU/JHueDISf+yHQlLmr0deAZMOmMr2nZnW7dPBE=
